// !$*UTF8*$!
{
	archiveVersion = 1;
	classes = {
	};
	objectVersion = 50;
	objects = {

/* Begin PBXBuildFile section */
		314BA360218CA174007EC577 /* AppDelegate.swift in Sources */ = {isa = PBXBuildFile; fileRef = 314BA35F218CA174007EC577 /* AppDelegate.swift */; };
		314BA362218CA174007EC577 /* ViewController.swift in Sources */ = {isa = PBXBuildFile; fileRef = 314BA361218CA174007EC577 /* ViewController.swift */; };
		314BA365218CA175007EC577 /* Main.storyboard in Resources */ = {isa = PBXBuildFile; fileRef = 314BA363218CA175007EC577 /* Main.storyboard */; };
		314BA367218CA177007EC577 /* Assets.xcassets in Resources */ = {isa = PBXBuildFile; fileRef = 314BA366218CA177007EC577 /* Assets.xcassets */; };
		314BA36A218CA177007EC577 /* LaunchScreen.storyboard in Resources */ = {isa = PBXBuildFile; fileRef = 314BA368218CA177007EC577 /* LaunchScreen.storyboard */; };
		314BA375218CA178007EC577 /* todo_appTests.swift in Sources */ = {isa = PBXBuildFile; fileRef = 314BA374218CA178007EC577 /* todo_appTests.swift */; };
		314BA380218CA178007EC577 /* todo_appUITests.swift in Sources */ = {isa = PBXBuildFile; fileRef = 314BA37F218CA178007EC577 /* todo_appUITests.swift */; };
		314BA38E218CA5DC007EC577 /* TaskCell.swift in Sources */ = {isa = PBXBuildFile; fileRef = 314BA38D218CA5DC007EC577 /* TaskCell.swift */; };
		314BA390218CB308007EC577 /* AddTaskController.swift in Sources */ = {isa = PBXBuildFile; fileRef = 314BA38F218CB308007EC577 /* AddTaskController.swift */; };
/* End PBXBuildFile section */

/* Begin PBXContainerItemProxy section */
		314BA371218CA178007EC577 /* PBXContainerItemProxy */ = {
			isa = PBXContainerItemProxy;
			containerPortal = 314BA354218CA174007EC577 /* Project object */;
			proxyType = 1;
			remoteGlobalIDString = 314BA35B218CA174007EC577;
			remoteInfo = "todo-app";
		};
		314BA37C218CA178007EC577 /* PBXContainerItemProxy */ = {
			isa = PBXContainerItemProxy;
			containerPortal = 314BA354218CA174007EC577 /* Project object */;
			proxyType = 1;
			remoteGlobalIDString = 314BA35B218CA174007EC577;
			remoteInfo = "todo-app";
		};
/* End PBXContainerItemProxy section */

/* Begin PBXFileReference section */
		314BA35C218CA174007EC577 /* todo-app.app */ = {isa = PBXFileReference; explicitFileType = wrapper.application; includeInIndex = 0; path = "todo-app.app"; sourceTree = BUILT_PRODUCTS_DIR; };
		314BA35F218CA174007EC577 /* AppDelegate.swift */ = {isa = PBXFileReference; lastKnownFileType = sourcecode.swift; path = AppDelegate.swift; sourceTree = "<group>"; };
		314BA361218CA174007EC577 /* ViewController.swift */ = {isa = PBXFileReference; lastKnownFileType = sourcecode.swift; path = ViewController.swift; sourceTree = "<group>"; };
		314BA364218CA175007EC577 /* Base */ = {isa = PBXFileReference; lastKnownFileType = file.storyboard; name = Base; path = Base.lproj/Main.storyboard; sourceTree = "<group>"; };
		314BA366218CA177007EC577 /* Assets.xcassets */ = {isa = PBXFileReference; lastKnownFileType = folder.assetcatalog; path = Assets.xcassets; sourceTree = "<group>"; };
		314BA369218CA177007EC577 /* Base */ = {isa = PBXFileReference; lastKnownFileType = file.storyboard; name = Base; path = Base.lproj/LaunchScreen.storyboard; sourceTree = "<group>"; };
		314BA36B218CA177007EC577 /* Info.plist */ = {isa = PBXFileReference; lastKnownFileType = text.plist.xml; path = Info.plist; sourceTree = "<group>"; };
		314BA370218CA178007EC577 /* todo-appTests.xctest */ = {isa = PBXFileReference; explicitFileType = wrapper.cfbundle; includeInIndex = 0; path = "todo-appTests.xctest"; sourceTree = BUILT_PRODUCTS_DIR; };
		314BA374218CA178007EC577 /* todo_appTests.swift */ = {isa = PBXFileReference; lastKnownFileType = sourcecode.swift; path = todo_appTests.swift; sourceTree = "<group>"; };
		314BA376218CA178007EC577 /* Info.plist */ = {isa = PBXFileReference; lastKnownFileType = text.plist.xml; path = Info.plist; sourceTree = "<group>"; };
		314BA37B218CA178007EC577 /* todo-appUITests.xctest */ = {isa = PBXFileReference; explicitFileType = wrapper.cfbundle; includeInIndex = 0; path = "todo-appUITests.xctest"; sourceTree = BUILT_PRODUCTS_DIR; };
		314BA37F218CA178007EC577 /* todo_appUITests.swift */ = {isa = PBXFileReference; lastKnownFileType = sourcecode.swift; path = todo_appUITests.swift; sourceTree = "<group>"; };
		314BA381218CA178007EC577 /* Info.plist */ = {isa = PBXFileReference; lastKnownFileType = text.plist.xml; path = Info.plist; sourceTree = "<group>"; };
		314BA38D218CA5DC007EC577 /* TaskCell.swift */ = {isa = PBXFileReference; lastKnownFileType = sourcecode.swift; path = TaskCell.swift; sourceTree = "<group>"; };
		314BA38F218CB308007EC577 /* AddTaskController.swift */ = {isa = PBXFileReference; lastKnownFileType = sourcecode.swift; path = AddTaskController.swift; sourceTree = "<group>"; };
/* End PBXFileReference section */

/* Begin PBXFrameworksBuildPhase section */
		314BA359218CA174007EC577 /* Frameworks */ = {
			isa = PBXFrameworksBuildPhase;
			buildActionMask = 2147483647;
			files = (
			);
			runOnlyForDeploymentPostprocessing = 0;
		};
		314BA36D218CA178007EC577 /* Frameworks */ = {
			isa = PBXFrameworksBuildPhase;
			buildActionMask = 2147483647;
			files = (
			);
			runOnlyForDeploymentPostprocessing = 0;
		};
		314BA378218CA178007EC577 /* Frameworks */ = {
			isa = PBXFrameworksBuildPhase;
			buildActionMask = 2147483647;
			files = (
			);
			runOnlyForDeploymentPostprocessing = 0;
		};
/* End PBXFrameworksBuildPhase section */

/* Begin PBXGroup section */
		314BA353218CA174007EC577 = {
			isa = PBXGroup;
			children = (
				314BA35E218CA174007EC577 /* todo-app */,
				314BA373218CA178007EC577 /* todo-appTests */,
				314BA37E218CA178007EC577 /* todo-appUITests */,
				314BA35D218CA174007EC577 /* Products */,
			);
			sourceTree = "<group>";
		};
		314BA35D218CA174007EC577 /* Products */ = {
			isa = PBXGroup;
			children = (
				314BA35C218CA174007EC577 /* todo-app.app */,
				314BA370218CA178007EC577 /* todo-appTests.xctest */,
				314BA37B218CA178007EC577 /* todo-appUITests.xctest */,
			);
			name = Products;
			sourceTree = "<group>";
		};
		314BA35E218CA174007EC577 /* todo-app */ = {
			isa = PBXGroup;
			children = (
				314BA35F218CA174007EC577 /* AppDelegate.swift */,
				314BA361218CA174007EC577 /* ViewController.swift */,
				314BA363218CA175007EC577 /* Main.storyboard */,
				314BA38D218CA5DC007EC577 /* TaskCell.swift */,
				314BA366218CA177007EC577 /* Assets.xcassets */,
				314BA368218CA177007EC577 /* LaunchScreen.storyboard */,
				314BA36B218CA177007EC577 /* Info.plist */,
				314BA38F218CB308007EC577 /* AddTaskController.swift */,
			);
			path = "todo-app";
			sourceTree = "<group>";
		};
		314BA373218CA178007EC577 /* todo-appTests */ = {
			isa = PBXGroup;
			children = (
				314BA374218CA178007EC577 /* todo_appTests.swift */,
				314BA376218CA178007EC577 /* Info.plist */,
			);
			path = "todo-appTests";
			sourceTree = "<group>";
		};
		314BA37E218CA178007EC577 /* todo-appUITests */ = {
			isa = PBXGroup;
			children = (
				314BA37F218CA178007EC577 /* todo_appUITests.swift */,
				314BA381218CA178007EC577 /* Info.plist */,
			);
			path = "todo-appUITests";
			sourceTree = "<group>";
		};
/* End PBXGroup section */

/* Begin PBXNativeTarget section */
		314BA35B218CA174007EC577 /* todo-app */ = {
			isa = PBXNativeTarget;
			buildConfigurationList = 314BA384218CA178007EC577 /* Build configuration list for PBXNativeTarget "todo-app" */;
			buildPhases = (
				314BA358218CA174007EC577 /* Sources */,
				314BA359218CA174007EC577 /* Frameworks */,
				314BA35A218CA174007EC577 /* Resources */,
			);
			buildRules = (
			);
			dependencies = (
			);
			name = "todo-app";
			productName = "todo-app";
			productReference = 314BA35C218CA174007EC577 /* todo-app.app */;
			productType = "com.apple.product-type.application";
		};
		314BA36F218CA178007EC577 /* todo-appTests */ = {
			isa = PBXNativeTarget;
			buildConfigurationList = 314BA387218CA178007EC577 /* Build configuration list for PBXNativeTarget "todo-appTests" */;
			buildPhases = (
				314BA36C218CA178007EC577 /* Sources */,
				314BA36D218CA178007EC577 /* Frameworks */,
				314BA36E218CA178007EC577 /* Resources */,
			);
			buildRules = (
			);
			dependencies = (
				314BA372218CA178007EC577 /* PBXTargetDependency */,
			);
			name = "todo-appTests";
			productName = "todo-appTests";
			productReference = 314BA370218CA178007EC577 /* todo-appTests.xctest */;
			productType = "com.apple.product-type.bundle.unit-test";
		};
		314BA37A218CA178007EC577 /* todo-appUITests */ = {
			isa = PBXNativeTarget;
			buildConfigurationList = 314BA38A218CA178007EC577 /* Build configuration list for PBXNativeTarget "todo-appUITests" */;
			buildPhases = (
				314BA377218CA178007EC577 /* Sources */,
				314BA378218CA178007EC577 /* Frameworks */,
				314BA379218CA178007EC577 /* Resources */,
			);
			buildRules = (
			);
			dependencies = (
				314BA37D218CA178007EC577 /* PBXTargetDependency */,
			);
			name = "todo-appUITests";
			productName = "todo-appUITests";
			productReference = 314BA37B218CA178007EC577 /* todo-appUITests.xctest */;
			productType = "com.apple.product-type.bundle.ui-testing";
		};
/* End PBXNativeTarget section */

/* Begin PBXProject section */
		314BA354218CA174007EC577 /* Project object */ = {
			isa = PBXProject;
			attributes = {
				LastSwiftUpdateCheck = 1010;
				LastUpgradeCheck = 1010;
				ORGANIZATIONNAME = Dulval;
				TargetAttributes = {
					314BA35B218CA174007EC577 = {
						CreatedOnToolsVersion = 10.1;
					};
					314BA36F218CA178007EC577 = {
						CreatedOnToolsVersion = 10.1;
						TestTargetID = 314BA35B218CA174007EC577;
					};
					314BA37A218CA178007EC577 = {
						CreatedOnToolsVersion = 10.1;
						TestTargetID = 314BA35B218CA174007EC577;
					};
				};
			};
			buildConfigurationList = 314BA357218CA174007EC577 /* Build configuration list for PBXProject "todo-app" */;
			compatibilityVersion = "Xcode 9.3";
			developmentRegion = en;
			hasScannedForEncodings = 0;
			knownRegions = (
				en,
				Base,
			);
			mainGroup = 314BA353218CA174007EC577;
			productRefGroup = 314BA35D218CA174007EC577 /* Products */;
			projectDirPath = "";
			projectRoot = "";
			targets = (
				314BA35B218CA174007EC577 /* todo-app */,
				314BA36F218CA178007EC577 /* todo-appTests */,
				314BA37A218CA178007EC577 /* todo-appUITests */,
			);
		};
/* End PBXProject section */

/* Begin PBXResourcesBuildPhase section */
		314BA35A218CA174007EC577 /* Resources */ = {
			isa = PBXResourcesBuildPhase;
			buildActionMask = 2147483647;
			files = (
				314BA36A218CA177007EC577 /* LaunchScreen.storyboard in Resources */,
				314BA367218CA177007EC577 /* Assets.xcassets in Resources */,
				314BA365218CA175007EC577 /* Main.storyboard in Resources */,
			);
			runOnlyForDeploymentPostprocessing = 0;
		};
		314BA36E218CA178007EC577 /* Resources */ = {
			isa = PBXResourcesBuildPhase;
			buildActionMask = 2147483647;
			files = (
			);
			runOnlyForDeploymentPostprocessing = 0;
		};
		314BA379218CA178007EC577 /* Resources */ = {
			isa = PBXResourcesBuildPhase;
			buildActionMask = 2147483647;
			files = (
			);
			runOnlyForDeploymentPostprocessing = 0;
		};
/* End PBXResourcesBuildPhase section */

/* Begin PBXSourcesBuildPhase section */
		314BA358218CA174007EC577 /* Sources */ = {
			isa = PBXSourcesBuildPhase;
			buildActionMask = 2147483647;
			files = (
				314BA362218CA174007EC577 /* ViewController.swift in Sources */,
				314BA38E218CA5DC007EC577 /* TaskCell.swift in Sources */,
				314BA390218CB308007EC577 /* AddTaskController.swift in Sources */,
				314BA360218CA174007EC577 /* AppDelegate.swift in Sources */,
			);
			runOnlyForDeploymentPostprocessing = 0;
		};
		314BA36C218CA178007EC577 /* Sources */ = {
			isa = PBXSourcesBuildPhase;
			buildActionMask = 2147483647;
			files = (
				314BA375218CA178007EC577 /* todo_appTests.swift in Sources */,
			);
			runOnlyForDeploymentPostprocessing = 0;
		};
		314BA377218CA178007EC577 /* Sources */ = {
			isa = PBXSourcesBuildPhase;
			buildActionMask = 2147483647;
			files = (
				314BA380218CA178007EC577 /* todo_appUITests.swift in Sources */,
			);
			runOnlyForDeploymentPostprocessing = 0;
		};
/* End PBXSourcesBuildPhase section */

/* Begin PBXTargetDependency section */
		314BA372218CA178007EC577 /* PBXTargetDependency */ = {
			isa = PBXTargetDependency;
			target = 314BA35B218CA174007EC577 /* todo-app */;
			targetProxy = 314BA371218CA178007EC577 /* PBXContainerItemProxy */;
		};
		314BA37D218CA178007EC577 /* PBXTargetDependency */ = {
			isa = PBXTargetDependency;
			target = 314BA35B218CA174007EC577 /* todo-app */;
			targetProxy = 314BA37C218CA178007EC577 /* PBXContainerItemProxy */;
		};
/* End PBXTargetDependency section */

/* Begin PBXVariantGroup section */
		314BA363218CA175007EC577 /* Main.storyboard */ = {
			isa = PBXVariantGroup;
			children = (
				314BA364218CA175007EC577 /* Base */,
			);
			name = Main.storyboard;
			sourceTree = "<group>";
		};
		314BA368218CA177007EC577 /* LaunchScreen.storyboard */ = {
			isa = PBXVariantGroup;
			children = (
				314BA369218CA177007EC577 /* Base */,
			);
			name = LaunchScreen.storyboard;
			sourceTree = "<group>";
		};
/* End PBXVariantGroup section */

/* Begin XCBuildConfiguration section */
		314BA382218CA178007EC577 /* Debug */ = {
			isa = XCBuildConfiguration;
			buildSettings = {
				ALWAYS_SEARCH_USER_PATHS = NO;
				CLANG_ANALYZER_NONNULL = YES;
				CLANG_ANALYZER_NUMBER_OBJECT_CONVERSION = YES_AGGRESSIVE;
				CLANG_CXX_LANGUAGE_STANDARD = "gnu++14";
				CLANG_CXX_LIBRARY = "libc++";
				CLANG_ENABLE_MODULES = YES;
				CLANG_ENABLE_OBJC_ARC = YES;
				CLANG_ENABLE_OBJC_WEAK = YES;
				CLANG_WARN_BLOCK_CAPTURE_AUTORELEASING = YES;
				CLANG_WARN_BOOL_CONVERSION = YES;
				CLANG_WARN_COMMA = YES;
				CLANG_WARN_CONSTANT_CONVERSION = YES;
				CLANG_WARN_DEPRECATED_OBJC_IMPLEMENTATIONS = YES;
				CLANG_WARN_DIRECT_OBJC_ISA_USAGE = YES_ERROR;
				CLANG_WARN_DOCUMENTATION_COMMENTS = YES;
				CLANG_WARN_EMPTY_BODY = YES;
				CLANG_WARN_ENUM_CONVERSION = YES;
				CLANG_WARN_INFINITE_RECURSION = YES;
				CLANG_WARN_INT_CONVERSION = YES;
				CLANG_WARN_NON_LITERAL_NULL_CONVERSION = YES;
				CLANG_WARN_OBJC_IMPLICIT_RETAIN_SELF = YES;
				CLANG_WARN_OBJC_LITERAL_CONVERSION = YES;
				CLANG_WARN_OBJC_ROOT_CLASS = YES_ERROR;
				CLANG_WARN_RANGE_LOOP_ANALYSIS = YES;
				CLANG_WARN_STRICT_PROTOTYPES = YES;
				CLANG_WARN_SUSPICIOUS_MOVE = YES;
				CLANG_WARN_UNGUARDED_AVAILABILITY = YES_AGGRESSIVE;
				CLANG_WARN_UNREACHABLE_CODE = YES;
				CLANG_WARN__DUPLICATE_METHOD_MATCH = YES;
				CODE_SIGN_IDENTITY = "iPhone Developer";
				COPY_PHASE_STRIP = NO;
				DEBUG_INFORMATION_FORMAT = dwarf;
				ENABLE_STRICT_OBJC_MSGSEND = YES;
				ENABLE_TESTABILITY = YES;
				GCC_C_LANGUAGE_STANDARD = gnu11;
				GCC_DYNAMIC_NO_PIC = NO;
				GCC_NO_COMMON_BLOCKS = YES;
				GCC_OPTIMIZATION_LEVEL = 0;
				GCC_PREPROCESSOR_DEFINITIONS = (
					"DEBUG=1",
					"$(inherited)",
				);
				GCC_WARN_64_TO_32_BIT_CONVERSION = YES;
				GCC_WARN_ABOUT_RETURN_TYPE = YES_ERROR;
				GCC_WARN_UNDECLARED_SELECTOR = YES;
				GCC_WARN_UNINITIALIZED_AUTOS = YES_AGGRESSIVE;
				GCC_WARN_UNUSED_FUNCTION = YES;
				GCC_WARN_UNUSED_VARIABLE = YES;
				IPHONEOS_DEPLOYMENT_TARGET = 12.1;
				MTL_ENABLE_DEBUG_INFO = INCLUDE_SOURCE;
				MTL_FAST_MATH = YES;
				ONLY_ACTIVE_ARCH = YES;
				SDKROOT = iphoneos;
				SWIFT_ACTIVE_COMPILATION_CONDITIONS = DEBUG;
				SWIFT_OPTIMIZATION_LEVEL = "-Onone";
			};
			name = Debug;
		};
		314BA383218CA178007EC577 /* Release */ = {
			isa = XCBuildConfiguration;
			buildSettings = {
				ALWAYS_SEARCH_USER_PATHS = NO;
				CLANG_ANALYZER_NONNULL = YES;
				CLANG_ANALYZER_NUMBER_OBJECT_CONVERSION = YES_AGGRESSIVE;
				CLANG_CXX_LANGUAGE_STANDARD = "gnu++14";
				CLANG_CXX_LIBRARY = "libc++";
				CLANG_ENABLE_MODULES = YES;
				CLANG_ENABLE_OBJC_ARC = YES;
				CLANG_ENABLE_OBJC_WEAK = YES;
				CLANG_WARN_BLOCK_CAPTURE_AUTORELEASING = YES;
				CLANG_WARN_BOOL_CONVERSION = YES;
				CLANG_WARN_COMMA = YES;
				CLANG_WARN_CONSTANT_CONVERSION = YES;
				CLANG_WARN_DEPRECATED_OBJC_IMPLEMENTATIONS = YES;
				CLANG_WARN_DIRECT_OBJC_ISA_USAGE = YES_ERROR;
				CLANG_WARN_DOCUMENTATION_COMMENTS = YES;
				CLANG_WARN_EMPTY_BODY = YES;
				CLANG_WARN_ENUM_CONVERSION = YES;
				CLANG_WARN_INFINITE_RECURSION = YES;
				CLANG_WARN_INT_CONVERSION = YES;
				CLANG_WARN_NON_LITERAL_NULL_CONVERSION = YES;
				CLANG_WARN_OBJC_IMPLICIT_RETAIN_SELF = YES;
				CLANG_WARN_OBJC_LITERAL_CONVERSION = YES;
				CLANG_WARN_OBJC_ROOT_CLASS = YES_ERROR;
				CLANG_WARN_RANGE_LOOP_ANALYSIS = YES;
				CLANG_WARN_STRICT_PROTOTYPES = YES;
				CLANG_WARN_SUSPICIOUS_MOVE = YES;
				CLANG_WARN_UNGUARDED_AVAILABILITY = YES_AGGRESSIVE;
				CLANG_WARN_UNREACHABLE_CODE = YES;
				CLANG_WARN__DUPLICATE_METHOD_MATCH = YES;
				CODE_SIGN_IDENTITY = "iPhone Developer";
				COPY_PHASE_STRIP = NO;
				DEBUG_INFORMATION_FORMAT = "dwarf-with-dsym";
				ENABLE_NS_ASSERTIONS = NO;
				ENABLE_STRICT_OBJC_MSGSEND = YES;
				GCC_C_LANGUAGE_STANDARD = gnu11;
				GCC_NO_COMMON_BLOCKS = YES;
				GCC_WARN_64_TO_32_BIT_CONVERSION = YES;
				GCC_WARN_ABOUT_RETURN_TYPE = YES_ERROR;
				GCC_WARN_UNDECLARED_SELECTOR = YES;
				GCC_WARN_UNINITIALIZED_AUTOS = YES_AGGRESSIVE;
				GCC_WARN_UNUSED_FUNCTION = YES;
				GCC_WARN_UNUSED_VARIABLE = YES;
				IPHONEOS_DEPLOYMENT_TARGET = 12.1;
				MTL_ENABLE_DEBUG_INFO = NO;
				MTL_FAST_MATH = YES;
				SDKROOT = iphoneos;
				SWIFT_COMPILATION_MODE = wholemodule;
				SWIFT_OPTIMIZATION_LEVEL = "-O";
				VALIDATE_PRODUCT = YES;
			};
			name = Release;
		};
		314BA385218CA178007EC577 /* Debug */ = {
			isa = XCBuildConfiguration;
			buildSettings = {
				ASSETCATALOG_COMPILER_APPICON_NAME = AppIcon;
				CODE_SIGN_STYLE = Automatic;
				INFOPLIST_FILE = "todo-app/Info.plist";
				LD_RUNPATH_SEARCH_PATHS = (
					"$(inherited)",
					"@executable_path/Frameworks",
				);
				PRODUCT_BUNDLE_IDENTIFIER = "dulval.todo-app";
				PRODUCT_NAME = "$(TARGET_NAME)";
				SWIFT_VERSION = 4.2;
				TARGETED_DEVICE_FAMILY = "1,2";
			};
			name = Debug;
		};
		314BA386218CA178007EC577 /* Release */ = {
			isa = XCBuildConfiguration;
			buildSettings = {
				ASSETCATALOG_COMPILER_APPICON_NAME = AppIcon;
				CODE_SIGN_STYLE = Automatic;
				INFOPLIST_FILE = "todo-app/Info.plist";
				LD_RUNPATH_SEARCH_PATHS = (
					"$(inherited)",
					"@executable_path/Frameworks",
				);
				PRODUCT_BUNDLE_IDENTIFIER = "dulval.todo-app";
				PRODUCT_NAME = "$(TARGET_NAME)";
				SWIFT_VERSION = 4.2;
				TARGETED_DEVICE_FAMILY = "1,2";
			};
			name = Release;
		};
		314BA388218CA178007EC577 /* Debug */ = {
			isa = XCBuildConfiguration;
			buildSettings = {
				ALWAYS_EMBED_SWIFT_STANDARD_LIBRARIES = YES;
				BUNDLE_LOADER = "$(TEST_HOST)";
				CODE_SIGN_STYLE = Automatic;
				INFOPLIST_FILE = "todo-appTests/Info.plist";
				LD_RUNPATH_SEARCH_PATHS = (
					"$(inherited)",
					"@executable_path/Frameworks",
					"@loader_path/Frameworks",
				);
				PRODUCT_BUNDLE_IDENTIFIER = "dulval.todo-appTests";
				PRODUCT_NAME = "$(TARGET_NAME)";
				SWIFT_VERSION = 4.2;
				TARGETED_DEVICE_FAMILY = "1,2";
				TEST_HOST = "$(BUILT_PRODUCTS_DIR)/todo-app.app/todo-app";
			};
			name = Debug;
		};
		314BA389218CA178007EC577 /* Release */ = {
			isa = XCBuildConfiguration;
			buildSettings = {
				ALWAYS_EMBED_SWIFT_STANDARD_LIBRARIES = YES;
				BUNDLE_LOADER = "$(TEST_HOST)";
				CODE_SIGN_STYLE = Automatic;
				INFOPLIST_FILE = "todo-appTests/Info.plist";
				LD_RUNPATH_SEARCH_PATHS = (
					"$(inherited)",
					"@executable_path/Frameworks",
					"@loader_path/Frameworks",
				);
				PRODUCT_BUNDLE_IDENTIFIER = "dulval.todo-appTests";
				PRODUCT_NAME = "$(TARGET_NAME)";
				SWIFT_VERSION = 4.2;
				TARGETED_DEVICE_FAMILY = "1,2";
				TEST_HOST = "$(BUILT_PRODUCTS_DIR)/todo-app.app/todo-app";
			};
			name = Release;
		};
		314BA38B218CA178007EC577 /* Debug */ = {
			isa = XCBuildConfiguration;
			buildSettings = {
				ALWAYS_EMBED_SWIFT_STANDARD_LIBRARIES = YES;
				CODE_SIGN_STYLE = Automatic;
				INFOPLIST_FILE = "todo-appUITests/Info.plist";
				LD_RUNPATH_SEARCH_PATHS = (
					"$(inherited)",
					"@executable_path/Frameworks",
					"@loader_path/Frameworks",
				);
				PRODUCT_BUNDLE_IDENTIFIER = "dulval.todo-appUITests";
				PRODUCT_NAME = "$(TARGET_NAME)";
				SWIFT_VERSION = 4.2;
				TARGETED_DEVICE_FAMILY = "1,2";
				TEST_TARGET_NAME = "todo-app";
			};
			name = Debug;
		};
		314BA38C218CA178007EC577 /* Release */ = {
			isa = XCBuildConfiguration;
			buildSettings = {
				ALWAYS_EMBED_SWIFT_STANDARD_LIBRARIES = YES;
				CODE_SIGN_STYLE = Automatic;
				INFOPLIST_FILE = "todo-appUITests/Info.plist";
				LD_RUNPATH_SEARCH_PATHS = (
					"$(inherited)",
					"@executable_path/Frameworks",
					"@loader_path/Frameworks",
				);
				PRODUCT_BUNDLE_IDENTIFIER = "dulval.todo-appUITests";
				PRODUCT_NAME = "$(TARGET_NAME)";
				SWIFT_VERSION = 4.2;
				TARGETED_DEVICE_FAMILY = "1,2";
				TEST_TARGET_NAME = "todo-app";
			};
			name = Release;
		};
/* End XCBuildConfiguration section */

/* Begin XCConfigurationList section */
		314BA357218CA174007EC577 /* Build configuration list for PBXProject "todo-app" */ = {
			isa = XCConfigurationList;
			buildConfigurations = (
				314BA382218CA178007EC577 /* Debug */,
				314BA383218CA178007EC577 /* Release */,
			);
			defaultConfigurationIsVisible = 0;
			defaultConfigurationName = Release;
		};
		314BA384218CA178007EC577 /* Build configuration list for PBXNativeTarget "todo-app" */ = {
			isa = XCConfigurationList;
			buildConfigurations = (
				314BA385218CA178007EC577 /* Debug */,
				314BA386218CA178007EC577 /* Release */,
			);
			defaultConfigurationIsVisible = 0;
			defaultConfigurationName = Release;
		};
		314BA387218CA178007EC577 /* Build configuration list for PBXNativeTarget "todo-appTests" */ = {
			isa = XCConfigurationList;
			buildConfigurations = (
				314BA388218CA178007EC577 /* Debug */,
				314BA389218CA178007EC577 /* Release */,
			);
			defaultConfigurationIsVisible = 0;
			defaultConfigurationName = Release;
		};
		314BA38A218CA178007EC577 /* Build configuration list for PBXNativeTarget "todo-appUITests" */ = {
			isa = XCConfigurationList;
			buildConfigurations = (
				314BA38B218CA178007EC577 /* Debug */,
				314BA38C218CA178007EC577 /* Release */,
			);
			defaultConfigurationIsVisible = 0;
			defaultConfigurationName = Release;
		};
/* End XCConfigurationList section */
	};
	rootObject = 314BA354218CA174007EC577 /* Project object */;
}
